
Microsoft Visual Studio Solution File, Format Version 12.00
# Visual Studio 14
VisualStudioVersion = 14.0.25420.1
MinimumVisualStudioVersion = 10.0.40219.1
Project("{FAE04EC0-301F-11D3-BF4B-00C04F79EFBC}") = "ClassBox", "01.ClassBox\ClassBox.csproj", "{10A64C4C-A321-4936-ABA0-470466BA0E85}"
EndProject
Project("{FAE04EC0-301F-11D3-BF4B-00C04F79EFBC}") = "AnimalFarm", "AnimalFarm\AnimalFarm.csproj", "{32AEC171-3440-43ED-822B-E7F89C5A8651}"
EndProject
Project("{FAE04EC0-301F-11D3-BF4B-00C04F79EFBC}") = "03.ShoppingSpree", "03.ShoppingSpree\03.ShoppingSpree.csproj", "{73599242-E5F4-4DE4-806A-43A463A80CB4}"
EndProject
Project("{FAE04EC0-301F-11D3-BF4B-00C04F79EFBC}") = "PizzaCalories", "PizzaCalories\PizzaCalories.csproj", "{C89C55AE-7C3A-44A8-A6BD-97E582215C7B}"
EndProject
Project("{FAE04EC0-301F-11D3-BF4B-00C04F79EFBC}") = "FootballTeamGenerator", "FootballTeamGenerator\FootballTeamGenerator.csproj", "{483E238F-BDBF-4325-BA26-9F16AB0F20F7}"
EndProject
Global
	GlobalSection(SolutionConfigurationPlatforms) = preSolution
		Debug|Any CPU = Debug|Any CPU
		Release|Any CPU = Release|Any CPU
	EndGlobalSection
	GlobalSection(ProjectConfigurationPlatforms) = postSolution
		{10A64C4C-A321-4936-ABA0-470466BA0E85}.Debug|Any CPU.ActiveCfg = Debug|Any CPU
		{10A64C4C-A321-4936-ABA0-470466BA0E85}.Debug|Any CPU.Build.0 = Debug|Any CPU
		{10A64C4C-A321-4936-ABA0-470466BA0E85}.Release|Any CPU.ActiveCfg = Release|Any CPU
		{10A64C4C-A321-4936-ABA0-470466BA0E85}.Release|Any CPU.Build.0 = Release|Any CPU
		{32AEC171-3440-43ED-822B-E7F89C5A8651}.Debug|Any CPU.ActiveCfg = Debug|Any CPU
		{32AEC171-3440-43ED-822B-E7F89C5A8651}.Debug|Any CPU.Build.0 = Debug|Any CPU
		{32AEC171-3440-43ED-822B-E7F89C5A8651}.Release|Any CPU.ActiveCfg = Release|Any CPU
		{32AEC171-3440-43ED-822B-E7F89C5A8651}.Release|Any CPU.Build.0 = Release|Any CPU
		{73599242-E5F4-4DE4-806A-43A463A80CB4}.Debug|Any CPU.ActiveCfg = Debug|Any CPU
		{73599242-E5F4-4DE4-806A-43A463A80CB4}.Debug|Any CPU.Build.0 = Debug|Any CPU
		{73599242-E5F4-4DE4-806A-43A463A80CB4}.Release|Any CPU.ActiveCfg = Release|Any CPU
		{73599242-E5F4-4DE4-806A-43A463A80CB4}.Release|Any CPU.Build.0 = Release|Any CPU
		{C89C55AE-7C3A-44A8-A6BD-97E582215C7B}.Debug|Any CPU.ActiveCfg = Debug|Any CPU
		{C89C55AE-7C3A-44A8-A6BD-97E582215C7B}.Debug|Any CPU.Build.0 = Debug|Any CPU
		{C89C55AE-7C3A-44A8-A6BD-97E582215C7B}.Release|Any CPU.ActiveCfg = Release|Any CPU
		{C89C55AE-7C3A-44A8-A6BD-97E582215C7B}.Release|Any CPU.Build.0 = Release|Any CPU
		{483E238F-BDBF-4325-BA26-9F16AB0F20F7}.Debug|Any CPU.ActiveCfg = Debug|Any CPU
		{483E238F-BDBF-4325-BA26-9F16AB0F20F7}.Debug|Any CPU.Build.0 = Debug|Any CPU
		{483E238F-BDBF-4325-BA26-9F16AB0F20F7}.Release|Any CPU.ActiveCfg = Release|Any CPU
		{483E238F-BDBF-4325-BA26-9F16AB0F20F7}.Release|Any CPU.Build.0 = Release|Any CPU
	EndGlobalSection
	GlobalSection(SolutionProperties) = preSolution
		HideSolutionNode = FALSE
	EndGlobalSection
EndGlobal
